// !$*UTF8*$!
{
	archiveVersion = 1;
	classes = {
	};
	objectVersion = 56;
	objects = {

/* Begin PBXBuildFile section */
		9C1538062B7B7A4C003373FC /* AppDelegate.swift in Sources */ = {isa = PBXBuildFile; fileRef = 9C1538052B7B7A4C003373FC /* AppDelegate.swift */; };
		9C1538082B7B7A4C003373FC /* SceneDelegate.swift in Sources */ = {isa = PBXBuildFile; fileRef = 9C1538072B7B7A4C003373FC /* SceneDelegate.swift */; };
		9C15380A2B7B7A4C003373FC /* ViewController.swift in Sources */ = {isa = PBXBuildFile; fileRef = 9C1538092B7B7A4C003373FC /* ViewController.swift */; };
		9C15380D2B7B7A4C003373FC /* Main.storyboard in Resources */ = {isa = PBXBuildFile; fileRef = 9C15380B2B7B7A4C003373FC /* Main.storyboard */; };
		9C15380F2B7B7A4D003373FC /* Assets.xcassets in Resources */ = {isa = PBXBuildFile; fileRef = 9C15380E2B7B7A4D003373FC /* Assets.xcassets */; };
		9C1538122B7B7A4D003373FC /* LaunchScreen.storyboard in Resources */ = {isa = PBXBuildFile; fileRef = 9C1538102B7B7A4D003373FC /* LaunchScreen.storyboard */; };
		9C15381D2B7B7A4D003373FC /* TinkoffCalculatorTests.swift in Sources */ = {isa = PBXBuildFile; fileRef = 9C15381C2B7B7A4D003373FC /* TinkoffCalculatorTests.swift */; };
		9C1538272B7B7A4D003373FC /* TinkoffCalculatorUITests.swift in Sources */ = {isa = PBXBuildFile; fileRef = 9C1538262B7B7A4D003373FC /* TinkoffCalculatorUITests.swift */; };
		9C1538292B7B7A4D003373FC /* TinkoffCalculatorUITestsLaunchTests.swift in Sources */ = {isa = PBXBuildFile; fileRef = 9C1538282B7B7A4D003373FC /* TinkoffCalculatorUITestsLaunchTests.swift */; };
		9C1538362B7CD54A003373FC /* CalculationsListViewController.swift in Sources */ = {isa = PBXBuildFile; fileRef = 9C1538352B7CD54A003373FC /* CalculationsListViewController.swift */; };
		9C1538372B7CD54A003373FC /* CalculationsListViewController.swift in Sources */ = {isa = PBXBuildFile; fileRef = 9C1538352B7CD54A003373FC /* CalculationsListViewController.swift */; };
		9C1538382B7CD54A003373FC /* CalculationsListViewController.swift in Sources */ = {isa = PBXBuildFile; fileRef = 9C1538352B7CD54A003373FC /* CalculationsListViewController.swift */; };
		9C631C3A2B7D1719003DD9C3 /* ViewController.swift in Sources */ = {isa = PBXBuildFile; fileRef = 9C1538092B7B7A4C003373FC /* ViewController.swift */; };
		9C631C3B2B7D171A003DD9C3 /* ViewController.swift in Sources */ = {isa = PBXBuildFile; fileRef = 9C1538092B7B7A4C003373FC /* ViewController.swift */; };
/* End PBXBuildFile section */

/* Begin PBXContainerItemProxy section */
		9C1538192B7B7A4D003373FC /* PBXContainerItemProxy */ = {
			isa = PBXContainerItemProxy;
			containerPortal = 9C1537FA2B7B7A4C003373FC /* Project object */;
			proxyType = 1;
			remoteGlobalIDString = 9C1538012B7B7A4C003373FC;
			remoteInfo = TinkoffCalculator;
		};
		9C1538232B7B7A4D003373FC /* PBXContainerItemProxy */ = {
			isa = PBXContainerItemProxy;
			containerPortal = 9C1537FA2B7B7A4C003373FC /* Project object */;
			proxyType = 1;
			remoteGlobalIDString = 9C1538012B7B7A4C003373FC;
			remoteInfo = TinkoffCalculator;
		};
/* End PBXContainerItemProxy section */

/* Begin PBXFileReference section */
		9C1538022B7B7A4C003373FC /* TinkoffCalculator.app */ = {isa = PBXFileReference; explicitFileType = wrapper.application; includeInIndex = 0; path = TinkoffCalculator.app; sourceTree = BUILT_PRODUCTS_DIR; };
		9C1538052B7B7A4C003373FC /* AppDelegate.swift */ = {isa = PBXFileReference; lastKnownFileType = sourcecode.swift; path = AppDelegate.swift; sourceTree = "<group>"; };
		9C1538072B7B7A4C003373FC /* SceneDelegate.swift */ = {isa = PBXFileReference; lastKnownFileType = sourcecode.swift; path = SceneDelegate.swift; sourceTree = "<group>"; };
		9C1538092B7B7A4C003373FC /* ViewController.swift */ = {isa = PBXFileReference; lastKnownFileType = sourcecode.swift; path = ViewController.swift; sourceTree = "<group>"; };
		9C15380C2B7B7A4C003373FC /* Base */ = {isa = PBXFileReference; lastKnownFileType = file.storyboard; name = Base; path = Base.lproj/Main.storyboard; sourceTree = "<group>"; };
		9C15380E2B7B7A4D003373FC /* Assets.xcassets */ = {isa = PBXFileReference; lastKnownFileType = folder.assetcatalog; path = Assets.xcassets; sourceTree = "<group>"; };
		9C1538112B7B7A4D003373FC /* Base */ = {isa = PBXFileReference; lastKnownFileType = file.storyboard; name = Base; path = Base.lproj/LaunchScreen.storyboard; sourceTree = "<group>"; };
		9C1538132B7B7A4D003373FC /* Info.plist */ = {isa = PBXFileReference; lastKnownFileType = text.plist.xml; path = Info.plist; sourceTree = "<group>"; };
		9C1538182B7B7A4D003373FC /* TinkoffCalculatorTests.xctest */ = {isa = PBXFileReference; explicitFileType = wrapper.cfbundle; includeInIndex = 0; path = TinkoffCalculatorTests.xctest; sourceTree = BUILT_PRODUCTS_DIR; };
		9C15381C2B7B7A4D003373FC /* TinkoffCalculatorTests.swift */ = {isa = PBXFileReference; lastKnownFileType = sourcecode.swift; path = TinkoffCalculatorTests.swift; sourceTree = "<group>"; };
		9C1538222B7B7A4D003373FC /* TinkoffCalculatorUITests.xctest */ = {isa = PBXFileReference; explicitFileType = wrapper.cfbundle; includeInIndex = 0; path = TinkoffCalculatorUITests.xctest; sourceTree = BUILT_PRODUCTS_DIR; };
		9C1538262B7B7A4D003373FC /* TinkoffCalculatorUITests.swift */ = {isa = PBXFileReference; lastKnownFileType = sourcecode.swift; path = TinkoffCalculatorUITests.swift; sourceTree = "<group>"; };
		9C1538282B7B7A4D003373FC /* TinkoffCalculatorUITestsLaunchTests.swift */ = {isa = PBXFileReference; lastKnownFileType = sourcecode.swift; path = TinkoffCalculatorUITestsLaunchTests.swift; sourceTree = "<group>"; };
		9C1538352B7CD54A003373FC /* CalculationsListViewController.swift */ = {isa = PBXFileReference; lastKnownFileType = sourcecode.swift; path = CalculationsListViewController.swift; sourceTree = "<group>"; };
/* End PBXFileReference section */

/* Begin PBXFrameworksBuildPhase section */
		9C1537FF2B7B7A4C003373FC /* Frameworks */ = {
			isa = PBXFrameworksBuildPhase;
			buildActionMask = 2147483647;
			files = (
			);
			runOnlyForDeploymentPostprocessing = 0;
		};
		9C1538152B7B7A4D003373FC /* Frameworks */ = {
			isa = PBXFrameworksBuildPhase;
			buildActionMask = 2147483647;
			files = (
			);
			runOnlyForDeploymentPostprocessing = 0;
		};
		9C15381F2B7B7A4D003373FC /* Frameworks */ = {
			isa = PBXFrameworksBuildPhase;
			buildActionMask = 2147483647;
			files = (
			);
			runOnlyForDeploymentPostprocessing = 0;
		};
/* End PBXFrameworksBuildPhase section */

/* Begin PBXGroup section */
		9C1537F92B7B7A4C003373FC = {
			isa = PBXGroup;
			children = (
				9C1538042B7B7A4C003373FC /* TinkoffCalculator */,
				9C15381B2B7B7A4D003373FC /* TinkoffCalculatorTests */,
				9C1538252B7B7A4D003373FC /* TinkoffCalculatorUITests */,
				9C1538032B7B7A4C003373FC /* Products */,
			);
			sourceTree = "<group>";
		};
		9C1538032B7B7A4C003373FC /* Products */ = {
			isa = PBXGroup;
			children = (
				9C1538022B7B7A4C003373FC /* TinkoffCalculator.app */,
				9C1538182B7B7A4D003373FC /* TinkoffCalculatorTests.xctest */,
				9C1538222B7B7A4D003373FC /* TinkoffCalculatorUITests.xctest */,
			);
			name = Products;
			sourceTree = "<group>";
		};
		9C1538042B7B7A4C003373FC /* TinkoffCalculator */ = {
			isa = PBXGroup;
			children = (
				9C1538052B7B7A4C003373FC /* AppDelegate.swift */,
				9C1538072B7B7A4C003373FC /* SceneDelegate.swift */,
				9C1538092B7B7A4C003373FC /* ViewController.swift */,
				9C1538352B7CD54A003373FC /* CalculationsListViewController.swift */,
				9C15380B2B7B7A4C003373FC /* Main.storyboard */,
				9C15380E2B7B7A4D003373FC /* Assets.xcassets */,
				9C1538102B7B7A4D003373FC /* LaunchScreen.storyboard */,
				9C1538132B7B7A4D003373FC /* Info.plist */,
			);
			path = TinkoffCalculator;
			sourceTree = "<group>";
		};
		9C15381B2B7B7A4D003373FC /* TinkoffCalculatorTests */ = {
			isa = PBXGroup;
			children = (
				9C15381C2B7B7A4D003373FC /* TinkoffCalculatorTests.swift */,
			);
			path = TinkoffCalculatorTests;
			sourceTree = "<group>";
		};
		9C1538252B7B7A4D003373FC /* TinkoffCalculatorUITests */ = {
			isa = PBXGroup;
			children = (
				9C1538262B7B7A4D003373FC /* TinkoffCalculatorUITests.swift */,
				9C1538282B7B7A4D003373FC /* TinkoffCalculatorUITestsLaunchTests.swift */,
			);
			path = TinkoffCalculatorUITests;
			sourceTree = "<group>";
		};
/* End PBXGroup section */

/* Begin PBXNativeTarget section */
		9C1538012B7B7A4C003373FC /* TinkoffCalculator */ = {
			isa = PBXNativeTarget;
			buildConfigurationList = 9C15382C2B7B7A4D003373FC /* Build configuration list for PBXNativeTarget "TinkoffCalculator" */;
			buildPhases = (
				9C1537FE2B7B7A4C003373FC /* Sources */,
				9C1537FF2B7B7A4C003373FC /* Frameworks */,
				9C1538002B7B7A4C003373FC /* Resources */,
			);
			buildRules = (
			);
			dependencies = (
			);
			name = TinkoffCalculator;
			productName = TinkoffCalculator;
			productReference = 9C1538022B7B7A4C003373FC /* TinkoffCalculator.app */;
			productType = "com.apple.product-type.application";
		};
		9C1538172B7B7A4D003373FC /* TinkoffCalculatorTests */ = {
			isa = PBXNativeTarget;
			buildConfigurationList = 9C15382F2B7B7A4D003373FC /* Build configuration list for PBXNativeTarget "TinkoffCalculatorTests" */;
			buildPhases = (
				9C1538142B7B7A4D003373FC /* Sources */,
				9C1538152B7B7A4D003373FC /* Frameworks */,
				9C1538162B7B7A4D003373FC /* Resources */,
			);
			buildRules = (
			);
			dependencies = (
				9C15381A2B7B7A4D003373FC /* PBXTargetDependency */,
			);
			name = TinkoffCalculatorTests;
			productName = TinkoffCalculatorTests;
			productReference = 9C1538182B7B7A4D003373FC /* TinkoffCalculatorTests.xctest */;
			productType = "com.apple.product-type.bundle.unit-test";
		};
		9C1538212B7B7A4D003373FC /* TinkoffCalculatorUITests */ = {
			isa = PBXNativeTarget;
			buildConfigurationList = 9C1538322B7B7A4D003373FC /* Build configuration list for PBXNativeTarget "TinkoffCalculatorUITests" */;
			buildPhases = (
				9C15381E2B7B7A4D003373FC /* Sources */,
				9C15381F2B7B7A4D003373FC /* Frameworks */,
				9C1538202B7B7A4D003373FC /* Resources */,
			);
			buildRules = (
			);
			dependencies = (
				9C1538242B7B7A4D003373FC /* PBXTargetDependency */,
			);
			name = TinkoffCalculatorUITests;
			productName = TinkoffCalculatorUITests;
			productReference = 9C1538222B7B7A4D003373FC /* TinkoffCalculatorUITests.xctest */;
			productType = "com.apple.product-type.bundle.ui-testing";
		};
/* End PBXNativeTarget section */

/* Begin PBXProject section */
		9C1537FA2B7B7A4C003373FC /* Project object */ = {
			isa = PBXProject;
			attributes = {
				BuildIndependentTargetsInParallel = 1;
				LastSwiftUpdateCheck = 1520;
				LastUpgradeCheck = 1520;
				TargetAttributes = {
					9C1538012B7B7A4C003373FC = {
						CreatedOnToolsVersion = 15.2;
					};
					9C1538172B7B7A4D003373FC = {
						CreatedOnToolsVersion = 15.2;
						TestTargetID = 9C1538012B7B7A4C003373FC;
					};
					9C1538212B7B7A4D003373FC = {
						CreatedOnToolsVersion = 15.2;
						TestTargetID = 9C1538012B7B7A4C003373FC;
					};
				};
			};
			buildConfigurationList = 9C1537FD2B7B7A4C003373FC /* Build configuration list for PBXProject "TinkoffCalculator" */;
			compatibilityVersion = "Xcode 14.0";
			developmentRegion = en;
			hasScannedForEncodings = 0;
			knownRegions = (
				en,
				Base,
			);
			mainGroup = 9C1537F92B7B7A4C003373FC;
			productRefGroup = 9C1538032B7B7A4C003373FC /* Products */;
			projectDirPath = "";
			projectRoot = "";
			targets = (
				9C1538012B7B7A4C003373FC /* TinkoffCalculator */,
				9C1538172B7B7A4D003373FC /* TinkoffCalculatorTests */,
				9C1538212B7B7A4D003373FC /* TinkoffCalculatorUITests */,
			);
		};
/* End PBXProject section */

/* Begin PBXResourcesBuildPhase section */
		9C1538002B7B7A4C003373FC /* Resources */ = {
			isa = PBXResourcesBuildPhase;
			buildActionMask = 2147483647;
			files = (
				9C1538122B7B7A4D003373FC /* LaunchScreen.storyboard in Resources */,
				9C15380F2B7B7A4D003373FC /* Assets.xcassets in Resources */,
				9C15380D2B7B7A4C003373FC /* Main.storyboard in Resources */,
			);
			runOnlyForDeploymentPostprocessing = 0;
		};
		9C1538162B7B7A4D003373FC /* Resources */ = {
			isa = PBXResourcesBuildPhase;
			buildActionMask = 2147483647;
			files = (
			);
			runOnlyForDeploymentPostprocessing = 0;
		};
		9C1538202B7B7A4D003373FC /* Resources */ = {
			isa = PBXResourcesBuildPhase;
			buildActionMask = 2147483647;
			files = (
			);
			runOnlyForDeploymentPostprocessing = 0;
		};
/* End PBXResourcesBuildPhase section */

/* Begin PBXSourcesBuildPhase section */
		9C1537FE2B7B7A4C003373FC /* Sources */ = {
			isa = PBXSourcesBuildPhase;
			buildActionMask = 2147483647;
			files = (
				9C1538362B7CD54A003373FC /* CalculationsListViewController.swift in Sources */,
				9C15380A2B7B7A4C003373FC /* ViewController.swift in Sources */,
				9C1538062B7B7A4C003373FC /* AppDelegate.swift in Sources */,
				9C1538082B7B7A4C003373FC /* SceneDelegate.swift in Sources */,
			);
			runOnlyForDeploymentPostprocessing = 0;
		};
		9C1538142B7B7A4D003373FC /* Sources */ = {
			isa = PBXSourcesBuildPhase;
			buildActionMask = 2147483647;
			files = (
				9C631C3A2B7D1719003DD9C3 /* ViewController.swift in Sources */,
				9C1538372B7CD54A003373FC /* CalculationsListViewController.swift in Sources */,
				9C15381D2B7B7A4D003373FC /* TinkoffCalculatorTests.swift in Sources */,
			);
			runOnlyForDeploymentPostprocessing = 0;
		};
		9C15381E2B7B7A4D003373FC /* Sources */ = {
			isa = PBXSourcesBuildPhase;
			buildActionMask = 2147483647;
			files = (
				9C1538382B7CD54A003373FC /* CalculationsListViewController.swift in Sources */,
				9C1538292B7B7A4D003373FC /* TinkoffCalculatorUITestsLaunchTests.swift in Sources */,
				9C631C3B2B7D171A003DD9C3 /* ViewController.swift in Sources */,
				9C1538272B7B7A4D003373FC /* TinkoffCalculatorUITests.swift in Sources */,
			);
			runOnlyForDeploymentPostprocessing = 0;
		};
/* End PBXSourcesBuildPhase section */

/* Begin PBXTargetDependency section */
		9C15381A2B7B7A4D003373FC /* PBXTargetDependency */ = {
			isa = PBXTargetDependency;
			target = 9C1538012B7B7A4C003373FC /* TinkoffCalculator */;
			targetProxy = 9C1538192B7B7A4D003373FC /* PBXContainerItemProxy */;
		};
		9C1538242B7B7A4D003373FC /* PBXTargetDependency */ = {
			isa = PBXTargetDependency;
			target = 9C1538012B7B7A4C003373FC /* TinkoffCalculator */;
			targetProxy = 9C1538232B7B7A4D003373FC /* PBXContainerItemProxy */;
		};
/* End PBXTargetDependency section */

/* Begin PBXVariantGroup section */
		9C15380B2B7B7A4C003373FC /* Main.storyboard */ = {
			isa = PBXVariantGroup;
			children = (
				9C15380C2B7B7A4C003373FC /* Base */,
			);
			name = Main.storyboard;
			sourceTree = "<group>";
		};
		9C1538102B7B7A4D003373FC /* LaunchScreen.storyboard */ = {
			isa = PBXVariantGroup;
			children = (
				9C1538112B7B7A4D003373FC /* Base */,
			);
			name = LaunchScreen.storyboard;
			sourceTree = "<group>";
		};
/* End PBXVariantGroup section */

/* Begin XCBuildConfiguration section */
		9C15382A2B7B7A4D003373FC /* Debug */ = {
			isa = XCBuildConfiguration;
			buildSettings = {
				ALWAYS_SEARCH_USER_PATHS = NO;
				ASSETCATALOG_COMPILER_GENERATE_SWIFT_ASSET_SYMBOL_EXTENSIONS = YES;
				CLANG_ANALYZER_NONNULL = YES;
				CLANG_ANALYZER_NUMBER_OBJECT_CONVERSION = YES_AGGRESSIVE;
				CLANG_CXX_LANGUAGE_STANDARD = "gnu++20";
				CLANG_ENABLE_MODULES = YES;
				CLANG_ENABLE_OBJC_ARC = YES;
				CLANG_ENABLE_OBJC_WEAK = YES;
				CLANG_WARN_BLOCK_CAPTURE_AUTORELEASING = YES;
				CLANG_WARN_BOOL_CONVERSION = YES;
				CLANG_WARN_COMMA = YES;
				CLANG_WARN_CONSTANT_CONVERSION = YES;
				CLANG_WARN_DEPRECATED_OBJC_IMPLEMENTATIONS = YES;
				CLANG_WARN_DIRECT_OBJC_ISA_USAGE = YES_ERROR;
				CLANG_WARN_DOCUMENTATION_COMMENTS = YES;
				CLANG_WARN_EMPTY_BODY = YES;
				CLANG_WARN_ENUM_CONVERSION = YES;
				CLANG_WARN_INFINITE_RECURSION = YES;
				CLANG_WARN_INT_CONVERSION = YES;
				CLANG_WARN_NON_LITERAL_NULL_CONVERSION = YES;
				CLANG_WARN_OBJC_IMPLICIT_RETAIN_SELF = YES;
				CLANG_WARN_OBJC_LITERAL_CONVERSION = YES;
				CLANG_WARN_OBJC_ROOT_CLASS = YES_ERROR;
				CLANG_WARN_QUOTED_INCLUDE_IN_FRAMEWORK_HEADER = YES;
				CLANG_WARN_RANGE_LOOP_ANALYSIS = YES;
				CLANG_WARN_STRICT_PROTOTYPES = YES;
				CLANG_WARN_SUSPICIOUS_MOVE = YES;
				CLANG_WARN_UNGUARDED_AVAILABILITY = YES_AGGRESSIVE;
				CLANG_WARN_UNREACHABLE_CODE = YES;
				CLANG_WARN__DUPLICATE_METHOD_MATCH = YES;
				COPY_PHASE_STRIP = NO;
				DEBUG_INFORMATION_FORMAT = dwarf;
				ENABLE_STRICT_OBJC_MSGSEND = YES;
				ENABLE_TESTABILITY = YES;
				ENABLE_USER_SCRIPT_SANDBOXING = YES;
				GCC_C_LANGUAGE_STANDARD = gnu17;
				GCC_DYNAMIC_NO_PIC = NO;
				GCC_NO_COMMON_BLOCKS = YES;
				GCC_OPTIMIZATION_LEVEL = 0;
				GCC_PREPROCESSOR_DEFINITIONS = (
					"DEBUG=1",
					"$(inherited)",
				);
				GCC_WARN_64_TO_32_BIT_CONVERSION = YES;
				GCC_WARN_ABOUT_RETURN_TYPE = YES_ERROR;
				GCC_WARN_UNDECLARED_SELECTOR = YES;
				GCC_WARN_UNINITIALIZED_AUTOS = YES_AGGRESSIVE;
				GCC_WARN_UNUSED_FUNCTION = YES;
				GCC_WARN_UNUSED_VARIABLE = YES;
				IPHONEOS_DEPLOYMENT_TARGET = 17.2;
				LOCALIZATION_PREFERS_STRING_CATALOGS = YES;
				MTL_ENABLE_DEBUG_INFO = INCLUDE_SOURCE;
				MTL_FAST_MATH = YES;
				ONLY_ACTIVE_ARCH = YES;
				SDKROOT = iphoneos;
				SWIFT_ACTIVE_COMPILATION_CONDITIONS = "DEBUG $(inherited)";
				SWIFT_OPTIMIZATION_LEVEL = "-Onone";
			};
			name = Debug;
		};
		9C15382B2B7B7A4D003373FC /* Release */ = {
			isa = XCBuildConfiguration;
			buildSettings = {
				ALWAYS_SEARCH_USER_PATHS = NO;
				ASSETCATALOG_COMPILER_GENERATE_SWIFT_ASSET_SYMBOL_EXTENSIONS = YES;
				CLANG_ANALYZER_NONNULL = YES;
				CLANG_ANALYZER_NUMBER_OBJECT_CONVERSION = YES_AGGRESSIVE;
				CLANG_CXX_LANGUAGE_STANDARD = "gnu++20";
				CLANG_ENABLE_MODULES = YES;
				CLANG_ENABLE_OBJC_ARC = YES;
				CLANG_ENABLE_OBJC_WEAK = YES;
				CLANG_WARN_BLOCK_CAPTURE_AUTORELEASING = YES;
				CLANG_WARN_BOOL_CONVERSION = YES;
				CLANG_WARN_COMMA = YES;
				CLANG_WARN_CONSTANT_CONVERSION = YES;
				CLANG_WARN_DEPRECATED_OBJC_IMPLEMENTATIONS = YES;
				CLANG_WARN_DIRECT_OBJC_ISA_USAGE = YES_ERROR;
				CLANG_WARN_DOCUMENTATION_COMMENTS = YES;
				CLANG_WARN_EMPTY_BODY = YES;
				CLANG_WARN_ENUM_CONVERSION = YES;
				CLANG_WARN_INFINITE_RECURSION = YES;
				CLANG_WARN_INT_CONVERSION = YES;
				CLANG_WARN_NON_LITERAL_NULL_CONVERSION = YES;
				CLANG_WARN_OBJC_IMPLICIT_RETAIN_SELF = YES;
				CLANG_WARN_OBJC_LITERAL_CONVERSION = YES;
				CLANG_WARN_OBJC_ROOT_CLASS = YES_ERROR;
				CLANG_WARN_QUOTED_INCLUDE_IN_FRAMEWORK_HEADER = YES;
				CLANG_WARN_RANGE_LOOP_ANALYSIS = YES;
				CLANG_WARN_STRICT_PROTOTYPES = YES;
				CLANG_WARN_SUSPICIOUS_MOVE = YES;
				CLANG_WARN_UNGUARDED_AVAILABILITY = YES_AGGRESSIVE;
				CLANG_WARN_UNREACHABLE_CODE = YES;
				CLANG_WARN__DUPLICATE_METHOD_MATCH = YES;
				COPY_PHASE_STRIP = NO;
				DEBUG_INFORMATION_FORMAT = "dwarf-with-dsym";
				ENABLE_NS_ASSERTIONS = NO;
				ENABLE_STRICT_OBJC_MSGSEND = YES;
				ENABLE_USER_SCRIPT_SANDBOXING = YES;
				GCC_C_LANGUAGE_STANDARD = gnu17;
				GCC_NO_COMMON_BLOCKS = YES;
				GCC_WARN_64_TO_32_BIT_CONVERSION = YES;
				GCC_WARN_ABOUT_RETURN_TYPE = YES_ERROR;
				GCC_WARN_UNDECLARED_SELECTOR = YES;
				GCC_WARN_UNINITIALIZED_AUTOS = YES_AGGRESSIVE;
				GCC_WARN_UNUSED_FUNCTION = YES;
				GCC_WARN_UNUSED_VARIABLE = YES;
				IPHONEOS_DEPLOYMENT_TARGET = 17.2;
				LOCALIZATION_PREFERS_STRING_CATALOGS = YES;
				MTL_ENABLE_DEBUG_INFO = NO;
				MTL_FAST_MATH = YES;
				SDKROOT = iphoneos;
				SWIFT_COMPILATION_MODE = wholemodule;
				VALIDATE_PRODUCT = YES;
			};
			name = Release;
		};
		9C15382D2B7B7A4D003373FC /* Debug */ = {
			isa = XCBuildConfiguration;
			buildSettings = {
				ASSETCATALOG_COMPILER_APPICON_NAME = AppIcon;
				ASSETCATALOG_COMPILER_GLOBAL_ACCENT_COLOR_NAME = AccentColor;
				CODE_SIGN_STYLE = Automatic;
				CURRENT_PROJECT_VERSION = 1;
				DEVELOPMENT_TEAM = DR4CL7C7Q4;
				GENERATE_INFOPLIST_FILE = YES;
				INFOPLIST_FILE = TinkoffCalculator/Info.plist;
				INFOPLIST_KEY_UIApplicationSupportsIndirectInputEvents = YES;
				INFOPLIST_KEY_UILaunchStoryboardName = LaunchScreen;
				INFOPLIST_KEY_UIMainStoryboardFile = Main;
				INFOPLIST_KEY_UISupportedInterfaceOrientations_iPad = "UIInterfaceOrientationPortrait UIInterfaceOrientationPortraitUpsideDown UIInterfaceOrientationLandscapeLeft UIInterfaceOrientationLandscapeRight";
				INFOPLIST_KEY_UISupportedInterfaceOrientations_iPhone = "UIInterfaceOrientationPortrait UIInterfaceOrientationLandscapeLeft UIInterfaceOrientationLandscapeRight";
				IPHONEOS_DEPLOYMENT_TARGET = 16.4;
				LD_RUNPATH_SEARCH_PATHS = (
					"$(inherited)",
					"@executable_path/Frameworks",
				);
				MARKETING_VERSION = 1.0;
				PRODUCT_BUNDLE_IDENTIFIER = com.ilyaszhanaev.TinkoffCalculator;
				PRODUCT_NAME = "$(TARGET_NAME)";
				SWIFT_EMIT_LOC_STRINGS = YES;
				SWIFT_VERSION = 5.0;
				TARGETED_DEVICE_FAMILY = "1,2";
			};
			name = Debug;
		};
		9C15382E2B7B7A4D003373FC /* Release */ = {
			isa = XCBuildConfiguration;
			buildSettings = {
				ASSETCATALOG_COMPILER_APPICON_NAME = AppIcon;
				ASSETCATALOG_COMPILER_GLOBAL_ACCENT_COLOR_NAME = AccentColor;
				CODE_SIGN_STYLE = Automatic;
				CURRENT_PROJECT_VERSION = 1;
				DEVELOPMENT_TEAM = DR4CL7C7Q4;
				GENERATE_INFOPLIST_FILE = YES;
				INFOPLIST_FILE = TinkoffCalculator/Info.plist;
				INFOPLIST_KEY_UIApplicationSupportsIndirectInputEvents = YES;
				INFOPLIST_KEY_UILaunchStoryboardName = LaunchScreen;
				INFOPLIST_KEY_UIMainStoryboardFile = Main;
				INFOPLIST_KEY_UISupportedInterfaceOrientations_iPad = "UIInterfaceOrientationPortrait UIInterfaceOrientationPortraitUpsideDown UIInterfaceOrientationLandscapeLeft UIInterfaceOrientationLandscapeRight";
				INFOPLIST_KEY_UISupportedInterfaceOrientations_iPhone = "UIInterfaceOrientationPortrait UIInterfaceOrientationLandscapeLeft UIInterfaceOrientationLandscapeRight";
				IPHONEOS_DEPLOYMENT_TARGET = 16.4;
				LD_RUNPATH_SEARCH_PATHS = (
					"$(inherited)",
					"@executable_path/Frameworks",
				);
				MARKETING_VERSION = 1.0;
				PRODUCT_BUNDLE_IDENTIFIER = com.ilyaszhanaev.TinkoffCalculator;
				PRODUCT_NAME = "$(TARGET_NAME)";
				SWIFT_EMIT_LOC_STRINGS = YES;
				SWIFT_VERSION = 5.0;
				TARGETED_DEVICE_FAMILY = "1,2";
			};
			name = Release;
		};
		9C1538302B7B7A4D003373FC /* Debug */ = {
			isa = XCBuildConfiguration;
			buildSettings = {
				ALWAYS_EMBED_SWIFT_STANDARD_LIBRARIES = YES;
				BUNDLE_LOADER = "$(TEST_HOST)";
				CODE_SIGN_STYLE = Automatic;
				CURRENT_PROJECT_VERSION = 1;
				DEVELOPMENT_TEAM = DR4CL7C7Q4;
				GENERATE_INFOPLIST_FILE = YES;
				IPHONEOS_DEPLOYMENT_TARGET = 16.4;
				MARKETING_VERSION = 1.0;
				PRODUCT_BUNDLE_IDENTIFIER = com.ilyaszhanaev.TinkoffCalculatorTests;
				PRODUCT_NAME = "$(TARGET_NAME)";
				SWIFT_EMIT_LOC_STRINGS = NO;
				SWIFT_VERSION = 5.0;
				TARGETED_DEVICE_FAMILY = "1,2";
				TEST_HOST = "$(BUILT_PRODUCTS_DIR)/TinkoffCalculator.app/$(BUNDLE_EXECUTABLE_FOLDER_PATH)/TinkoffCalculator";
			};
			name = Debug;
		};
		9C1538312B7B7A4D003373FC /* Release */ = {
			isa = XCBuildConfiguration;
			buildSettings = {
				ALWAYS_EMBED_SWIFT_STANDARD_LIBRARIES = YES;
				BUNDLE_LOADER = "$(TEST_HOST)";
				CODE_SIGN_STYLE = Automatic;
				CURRENT_PROJECT_VERSION = 1;
				DEVELOPMENT_TEAM = DR4CL7C7Q4;
				GENERATE_INFOPLIST_FILE = YES;
				IPHONEOS_DEPLOYMENT_TARGET = 16.4;
				MARKETING_VERSION = 1.0;
				PRODUCT_BUNDLE_IDENTIFIER = com.ilyaszhanaev.TinkoffCalculatorTests;
				PRODUCT_NAME = "$(TARGET_NAME)";
				SWIFT_EMIT_LOC_STRINGS = NO;
				SWIFT_VERSION = 5.0;
				TARGETED_DEVICE_FAMILY = "1,2";
				TEST_HOST = "$(BUILT_PRODUCTS_DIR)/TinkoffCalculator.app/$(BUNDLE_EXECUTABLE_FOLDER_PATH)/TinkoffCalculator";
			};
			name = Release;
		};
		9C1538332B7B7A4D003373FC /* Debug */ = {
			isa = XCBuildConfiguration;
			buildSettings = {
				ALWAYS_EMBED_SWIFT_STANDARD_LIBRARIES = YES;
				CODE_SIGN_STYLE = Automatic;
				CURRENT_PROJECT_VERSION = 1;
				DEVELOPMENT_TEAM = DR4CL7C7Q4;
				GENERATE_INFOPLIST_FILE = YES;
				IPHONEOS_DEPLOYMENT_TARGET = 16.4;
				MARKETING_VERSION = 1.0;
				PRODUCT_BUNDLE_IDENTIFIER = com.ilyaszhanaev.TinkoffCalculatorUITests;
				PRODUCT_NAME = "$(TARGET_NAME)";
				SWIFT_EMIT_LOC_STRINGS = NO;
				SWIFT_VERSION = 5.0;
				TARGETED_DEVICE_FAMILY = "1,2";
				TEST_TARGET_NAME = TinkoffCalculator;
			};
			name = Debug;
		};
		9C1538342B7B7A4D003373FC /* Release */ = {
			isa = XCBuildConfiguration;
			buildSettings = {
				ALWAYS_EMBED_SWIFT_STANDARD_LIBRARIES = YES;
				CODE_SIGN_STYLE = Automatic;
				CURRENT_PROJECT_VERSION = 1;
				DEVELOPMENT_TEAM = DR4CL7C7Q4;
				GENERATE_INFOPLIST_FILE = YES;
				IPHONEOS_DEPLOYMENT_TARGET = 16.4;
				MARKETING_VERSION = 1.0;
				PRODUCT_BUNDLE_IDENTIFIER = com.ilyaszhanaev.TinkoffCalculatorUITests;
				PRODUCT_NAME = "$(TARGET_NAME)";
				SWIFT_EMIT_LOC_STRINGS = NO;
				SWIFT_VERSION = 5.0;
				TARGETED_DEVICE_FAMILY = "1,2";
				TEST_TARGET_NAME = TinkoffCalculator;
			};
			name = Release;
		};
/* End XCBuildConfiguration section */

/* Begin XCConfigurationList section */
		9C1537FD2B7B7A4C003373FC /* Build configuration list for PBXProject "TinkoffCalculator" */ = {
			isa = XCConfigurationList;
			buildConfigurations = (
				9C15382A2B7B7A4D003373FC /* Debug */,
				9C15382B2B7B7A4D003373FC /* Release */,
			);
			defaultConfigurationIsVisible = 0;
			defaultConfigurationName = Release;
		};
		9C15382C2B7B7A4D003373FC /* Build configuration list for PBXNativeTarget "TinkoffCalculator" */ = {
			isa = XCConfigurationList;
			buildConfigurations = (
				9C15382D2B7B7A4D003373FC /* Debug */,
				9C15382E2B7B7A4D003373FC /* Release */,
			);
			defaultConfigurationIsVisible = 0;
			defaultConfigurationName = Release;
		};
		9C15382F2B7B7A4D003373FC /* Build configuration list for PBXNativeTarget "TinkoffCalculatorTests" */ = {
			isa = XCConfigurationList;
			buildConfigurations = (
				9C1538302B7B7A4D003373FC /* Debug */,
				9C1538312B7B7A4D003373FC /* Release */,
			);
			defaultConfigurationIsVisible = 0;
			defaultConfigurationName = Release;
		};
		9C1538322B7B7A4D003373FC /* Build configuration list for PBXNativeTarget "TinkoffCalculatorUITests" */ = {
			isa = XCConfigurationList;
			buildConfigurations = (
				9C1538332B7B7A4D003373FC /* Debug */,
				9C1538342B7B7A4D003373FC /* Release */,
			);
			defaultConfigurationIsVisible = 0;
			defaultConfigurationName = Release;
		};
/* End XCConfigurationList section */
	};
	rootObject = 9C1537FA2B7B7A4C003373FC /* Project object */;
}
